
Microsoft Visual Studio Solution File, Format Version 12.00
# Visual Studio Version 17
VisualStudioVersion = 17.14.36414.22 d17.14
MinimumVisualStudioVersion = 10.0.40219.1
Project("{FAE04EC0-301F-11D3-BF4B-00C04F79EFBC}") = "TaskManagementSystem.API", "TaskManagementSystem.API.csproj", "{19307BF1-1E13-42D8-A091-9FDF01E59FF5}"
EndProject
Project("{FAE04EC0-301F-11D3-BF4B-00C04F79EFBC}") = "TaskManagementSystem.Service", "..\TaskManagementSystem.Service\TaskManagementSystem.Service.csproj", "{C490F293-BBE2-423F-8B8A-A52608A162D6}"
EndProject
Project("{FAE04EC0-301F-11D3-BF4B-00C04F79EFBC}") = "TaskManagementSystem.DataAccess", "..\TaskManagementSystem.DataAccess\TaskManagementSystem.DataAccess.csproj", "{4CF2FE00-3431-410C-B48C-6245F0C0BA90}"
EndProject
Project("{FAE04EC0-301F-11D3-BF4B-00C04F79EFBC}") = "TaskManagementSystem.Common", "..\TaskManagementSystem.Common\TaskManagementSystem.Common.csproj", "{A085BB7F-2BD5-4388-BDD5-7F57CD250BDA}"
EndProject
Global
	GlobalSection(SolutionConfigurationPlatforms) = preSolution
		Debug|Any CPU = Debug|Any CPU
		Release|Any CPU = Release|Any CPU
	EndGlobalSection
	GlobalSection(ProjectConfigurationPlatforms) = postSolution
		{19307BF1-1E13-42D8-A091-9FDF01E59FF5}.Debug|Any CPU.ActiveCfg = Debug|Any CPU
		{19307BF1-1E13-42D8-A091-9FDF01E59FF5}.Debug|Any CPU.Build.0 = Debug|Any CPU
		{19307BF1-1E13-42D8-A091-9FDF01E59FF5}.Release|Any CPU.ActiveCfg = Release|Any CPU
		{19307BF1-1E13-42D8-A091-9FDF01E59FF5}.Release|Any CPU.Build.0 = Release|Any CPU
		{C490F293-BBE2-423F-8B8A-A52608A162D6}.Debug|Any CPU.ActiveCfg = Debug|Any CPU
		{C490F293-BBE2-423F-8B8A-A52608A162D6}.Debug|Any CPU.Build.0 = Debug|Any CPU
		{C490F293-BBE2-423F-8B8A-A52608A162D6}.Release|Any CPU.ActiveCfg = Release|Any CPU
		{C490F293-BBE2-423F-8B8A-A52608A162D6}.Release|Any CPU.Build.0 = Release|Any CPU
		{4CF2FE00-3431-410C-B48C-6245F0C0BA90}.Debug|Any CPU.ActiveCfg = Debug|Any CPU
		{4CF2FE00-3431-410C-B48C-6245F0C0BA90}.Debug|Any CPU.Build.0 = Debug|Any CPU
		{4CF2FE00-3431-410C-B48C-6245F0C0BA90}.Release|Any CPU.ActiveCfg = Release|Any CPU
		{4CF2FE00-3431-410C-B48C-6245F0C0BA90}.Release|Any CPU.Build.0 = Release|Any CPU
		{A085BB7F-2BD5-4388-BDD5-7F57CD250BDA}.Debug|Any CPU.ActiveCfg = Debug|Any CPU
		{A085BB7F-2BD5-4388-BDD5-7F57CD250BDA}.Debug|Any CPU.Build.0 = Debug|Any CPU
		{A085BB7F-2BD5-4388-BDD5-7F57CD250BDA}.Release|Any CPU.ActiveCfg = Release|Any CPU
		{A085BB7F-2BD5-4388-BDD5-7F57CD250BDA}.Release|Any CPU.Build.0 = Release|Any CPU
	EndGlobalSection
	GlobalSection(SolutionProperties) = preSolution
		HideSolutionNode = FALSE
	EndGlobalSection
	GlobalSection(ExtensibilityGlobals) = postSolution
		SolutionGuid = {A210FDD9-ACBF-4F4E-BE7B-691899CB8DF3}
	EndGlobalSection
EndGlobal
